
Microsoft Visual Studio Solution File, Format Version 12.00
# Visual Studio Version 17
VisualStudioVersion = 17.13.35825.156
MinimumVisualStudioVersion = 10.0.40219.1
Project("{FAE04EC0-301F-11D3-BF4B-00C04F79EFBC}") = "Cars", "Cars\Cars.csproj", "{B1ED48D8-4562-4891-A36C-7E37A600416E}"
EndProject
Project("{FAE04EC0-301F-11D3-BF4B-00C04F79EFBC}") = "Cars-MVC", "Cars-MVC\Cars-MVC.csproj", "{059337F5-3ADD-4614-B2A6-40AB3AC56EFB}"
EndProject
Project("{FAE04EC0-301F-11D3-BF4B-00C04F79EFBC}") = "Dao", "Dao\Dao.csproj", "{FEB4B50A-5AD3-4AF3-9ED2-E8BFDCC9D38A}"
EndProject
Global
	GlobalSection(SolutionConfigurationPlatforms) = preSolution
		Debug|Any CPU = Debug|Any CPU
		Release|Any CPU = Release|Any CPU
	EndGlobalSection
	GlobalSection(ProjectConfigurationPlatforms) = postSolution
		{B1ED48D8-4562-4891-A36C-7E37A600416E}.Debug|Any CPU.ActiveCfg = Debug|Any CPU
		{B1ED48D8-4562-4891-A36C-7E37A600416E}.Debug|Any CPU.Build.0 = Debug|Any CPU
		{B1ED48D8-4562-4891-A36C-7E37A600416E}.Release|Any CPU.ActiveCfg = Release|Any CPU
		{B1ED48D8-4562-4891-A36C-7E37A600416E}.Release|Any CPU.Build.0 = Release|Any CPU
		{059337F5-3ADD-4614-B2A6-40AB3AC56EFB}.Debug|Any CPU.ActiveCfg = Debug|Any CPU
		{059337F5-3ADD-4614-B2A6-40AB3AC56EFB}.Debug|Any CPU.Build.0 = Debug|Any CPU
		{059337F5-3ADD-4614-B2A6-40AB3AC56EFB}.Release|Any CPU.ActiveCfg = Release|Any CPU
		{059337F5-3ADD-4614-B2A6-40AB3AC56EFB}.Release|Any CPU.Build.0 = Release|Any CPU
		{FEB4B50A-5AD3-4AF3-9ED2-E8BFDCC9D38A}.Debug|Any CPU.ActiveCfg = Debug|Any CPU
		{FEB4B50A-5AD3-4AF3-9ED2-E8BFDCC9D38A}.Debug|Any CPU.Build.0 = Debug|Any CPU
		{FEB4B50A-5AD3-4AF3-9ED2-E8BFDCC9D38A}.Release|Any CPU.ActiveCfg = Release|Any CPU
		{FEB4B50A-5AD3-4AF3-9ED2-E8BFDCC9D38A}.Release|Any CPU.Build.0 = Release|Any CPU
	EndGlobalSection
	GlobalSection(SolutionProperties) = preSolution
		HideSolutionNode = FALSE
	EndGlobalSection
	GlobalSection(ExtensibilityGlobals) = postSolution
		SolutionGuid = {76AA4394-9FA4-4651-9B58-BAA2D4F9B17D}
	EndGlobalSection
EndGlobal
